{
  "version": 4,
  "terraform_version": "1.0.10",
  "serial": 5,
  "lineage": "44c5e22a-5ef3-f15a-51d1-6bc2ac3f1dd7",
  "outputs": {
    "default_app_url": {
      "value": "https://replacement-butter.herokuapp.com",
      "type": "string"
    }
  },
  "resources": [
    {
      "mode": "managed",
      "type": "heroku_app",
      "name": "default",
      "provider": "provider[\"registry.terraform.io/heroku/heroku\"]",
      "instances": [
        {
          "schema_version": 0,
          "attributes": {
            "acm": false,
            "all_config_vars": {
              "LANG": "en_US.UTF-8",
              "RACK_ENV": "production"
            },
            "buildpacks": [
              "https://github.com/heroku/heroku-buildpack-ruby"
            ],
            "config_vars": {},
            "git_url": "https://git.heroku.com/replacement-butter.git",
            "heroku_hostname": "replacement-butter.herokuapp.com",
            "id": "replacement-butter",
            "internal_routing": false,
            "name": "replacement-butter",
            "organization": [],
            "region": "eu",
            "sensitive_config_vars": {},
            "space": null,
            "stack": "heroku-20",
            "uuid": "2127a368-9217-4d68-9a7e-1f68fdf0e80c",
            "web_url": "https://replacement-butter.herokuapp.com/"
          },
          "sensitive_attributes": [],
          "private": "bnVsbA=="
        }
      ]
    },
    {
      "mode": "managed",
      "type": "heroku_build",
      "name": "default",
      "provider": "provider[\"registry.terraform.io/heroku/heroku\"]",
      "instances": [
        {
          "schema_version": 0,
          "attributes": {
            "app": "replacement-butter",
            "buildpacks": [
              "https://github.com/heroku/heroku-buildpack-ruby"
            ],
            "id": "c48cfed2-6694-4e0d-ae64-f69cc3f39775",
            "local_checksum": "",
            "output_stream_url": "https://build-output.heroku.com/streams/21/2127a368-9217-4d68-9a7e-1f68fdf0e80c/logs/c4/c48cfed2-6694-4e0d-ae64-f69cc3f39775.log?X-Amz-Algorithm=AWS4-HMAC-SHA256\u0026X-Amz-Credential=AKIAIQI6BAUWXGR4S77Q%2F20211101%2Fus-east-1%2Fs3%2Faws4_request\u0026X-Amz-Date=20211101T215757Z\u0026X-Amz-Expires=86400\u0026X-Amz-SignedHeaders=host\u0026X-Amz-Signature=972d36350e707cc42b633672fc8a6e3c1e8a0a77c1e4d0275bea88d96816fb8f",
            "release_id": "d13a5f5b-90df-409a-9c57-9b203daeba65",
            "slug_id": "d65eac0e-bb62-48a0-a27e-70da80f561de",
            "source": [
              {
                "checksum": "",
                "path": "",
                "url": "https://github.com/TheFollyLlama/replacer/raw/master/ruby.tar.gz",
                "version": ""
              }
            ],
            "stack": "heroku-20",
            "status": "succeeded",
            "user": [
              {
                "email": "ericmhetzel@gmail.com",
                "id": "1730086b-edd2-4b54-b2ff-f6c2dba61f25"
              }
            ],
            "uuid": "c48cfed2-6694-4e0d-ae64-f69cc3f39775"
          },
          "sensitive_attributes": [],
          "private": "bnVsbA==",
          "dependencies": [
            "heroku_app.default"
          ]
        }
      ]
    }
  ]
}
